
Microsoft Visual Studio Solution File, Format Version 12.00
# Visual Studio Version 18
VisualStudioVersion = 18.3.11520.95 d18.3
MinimumVisualStudioVersion = 10.0.40219.1
Project("{FAE04EC0-301F-11D3-BF4B-00C04F79EFBC}") = "Cs16Panel", "Cs16Panel.csproj", "{B72A0100-592C-97ED-8562-26476ADE52E8}"
EndProject
Global
	GlobalSection(SolutionConfigurationPlatforms) = preSolution
		Debug|Any CPU = Debug|Any CPU
		Release|Any CPU = Release|Any CPU
	EndGlobalSection
	GlobalSection(ProjectConfigurationPlatforms) = postSolution
		{B72A0100-592C-97ED-8562-26476ADE52E8}.Debug|Any CPU.ActiveCfg = Debug|Any CPU
		{B72A0100-592C-97ED-8562-26476ADE52E8}.Debug|Any CPU.Build.0 = Debug|Any CPU
		{B72A0100-592C-97ED-8562-26476ADE52E8}.Release|Any CPU.ActiveCfg = Release|Any CPU
		{B72A0100-592C-97ED-8562-26476ADE52E8}.Release|Any CPU.Build.0 = Release|Any CPU
	EndGlobalSection
	GlobalSection(SolutionProperties) = preSolution
		HideSolutionNode = FALSE
	EndGlobalSection
	GlobalSection(ExtensibilityGlobals) = postSolution
		SolutionGuid = {1B7E3DBB-C335-4133-823C-5079CED7A4A6}
	EndGlobalSection
EndGlobal
